
Microsoft Visual Studio Solution File, Format Version 12.00
# Visual Studio Version 16
VisualStudioVersion = 16.0.31025.194
MinimumVisualStudioVersion = 10.0.40219.1
Project("{FAE04EC0-301F-11D3-BF4B-00C04F79EFBC}") = "maze creator", "maze creator\maze creator.csproj", "{95E81290-728B-42D4-A4BD-B8356814F4A7}"
EndProject
Global
	GlobalSection(SolutionConfigurationPlatforms) = preSolution
		Debug|Any CPU = Debug|Any CPU
		Release|Any CPU = Release|Any CPU
	EndGlobalSection
	GlobalSection(ProjectConfigurationPlatforms) = postSolution
		{95E81290-728B-42D4-A4BD-B8356814F4A7}.Debug|Any CPU.ActiveCfg = Debug|Any CPU
		{95E81290-728B-42D4-A4BD-B8356814F4A7}.Debug|Any CPU.Build.0 = Debug|Any CPU
		{95E81290-728B-42D4-A4BD-B8356814F4A7}.Release|Any CPU.ActiveCfg = Release|Any CPU
		{95E81290-728B-42D4-A4BD-B8356814F4A7}.Release|Any CPU.Build.0 = Release|Any CPU
	EndGlobalSection
	GlobalSection(SolutionProperties) = preSolution
		HideSolutionNode = FALSE
	EndGlobalSection
	GlobalSection(ExtensibilityGlobals) = postSolution
		SolutionGuid = {6529A248-90B8-4058-BD05-AB374DFE3359}
	EndGlobalSection
EndGlobal
